Microsoft Visual Studio Solution File, Format Version 12.00
# Visual Studio Version 17
VisualStudioVersion = 17.5.2.0
MinimumVisualStudioVersion = 10.0.40219.1
Project("{FAE04EC0-301F-11D3-BF4B-00C04F79EFBC}") = "HRManagementService", "HRManagementService.csproj", "{FEB4F7B4-B7E3-28F9-CC75-4AE6E580FB3F}"
EndProject
Global
	GlobalSection(SolutionConfigurationPlatforms) = preSolution
		Debug|Any CPU = Debug|Any CPU
		Release|Any CPU = Release|Any CPU
	EndGlobalSection
	GlobalSection(ProjectConfigurationPlatforms) = postSolution
		{FEB4F7B4-B7E3-28F9-CC75-4AE6E580FB3F}.Debug|Any CPU.ActiveCfg = Debug|Any CPU
		{FEB4F7B4-B7E3-28F9-CC75-4AE6E580FB3F}.Debug|Any CPU.Build.0 = Debug|Any CPU
		{FEB4F7B4-B7E3-28F9-CC75-4AE6E580FB3F}.Release|Any CPU.ActiveCfg = Release|Any CPU
		{FEB4F7B4-B7E3-28F9-CC75-4AE6E580FB3F}.Release|Any CPU.Build.0 = Release|Any CPU
	EndGlobalSection
	GlobalSection(SolutionProperties) = preSolution
		HideSolutionNode = FALSE
	EndGlobalSection
	GlobalSection(ExtensibilityGlobals) = postSolution
		SolutionGuid = {7DB8B565-EB9C-4597-9C45-67EC76B932D7}
	EndGlobalSection
EndGlobal
